// !$*UTF8*$!
{
	archiveVersion = 1;
	classes = {
	};
	objectVersion = 55;
	objects = {

/* Begin PBXBuildFile section */
		841181832908E005009FD4CF /* AppDelegate.swift in Sources */ = {isa = PBXBuildFile; fileRef = 841181822908E005009FD4CF /* AppDelegate.swift */; };
		841181852908E005009FD4CF /* SceneDelegate.swift in Sources */ = {isa = PBXBuildFile; fileRef = 841181842908E005009FD4CF /* SceneDelegate.swift */; };
		841181872908E005009FD4CF /* BeneficiariesViewController.swift in Sources */ = {isa = PBXBuildFile; fileRef = 841181862908E005009FD4CF /* BeneficiariesViewController.swift */; };
		8411818A2908E005009FD4CF /* Main.storyboard in Resources */ = {isa = PBXBuildFile; fileRef = 841181882908E005009FD4CF /* Main.storyboard */; };
		8411818C2908E006009FD4CF /* Assets.xcassets in Resources */ = {isa = PBXBuildFile; fileRef = 8411818B2908E006009FD4CF /* Assets.xcassets */; };
		8411818F2908E006009FD4CF /* LaunchScreen.storyboard in Resources */ = {isa = PBXBuildFile; fileRef = 8411818D2908E006009FD4CF /* LaunchScreen.storyboard */; };
		8411819A2908E006009FD4CF /* BeneficiariesTests.swift in Sources */ = {isa = PBXBuildFile; fileRef = 841181992908E006009FD4CF /* BeneficiariesTests.swift */; };
		841181A42908E006009FD4CF /* BeneficiariesUITests.swift in Sources */ = {isa = PBXBuildFile; fileRef = 841181A32908E006009FD4CF /* BeneficiariesUITests.swift */; };
		841181A62908E006009FD4CF /* BeneficiariesUITestsLaunchTests.swift in Sources */ = {isa = PBXBuildFile; fileRef = 841181A52908E006009FD4CF /* BeneficiariesUITestsLaunchTests.swift */; };
		841181B42908E08D009FD4CF /* Beneficiaries.json in Resources */ = {isa = PBXBuildFile; fileRef = 841181B32908E08D009FD4CF /* Beneficiaries.json */; };
		841181B72908E17B009FD4CF /* Beneficiary.swift in Sources */ = {isa = PBXBuildFile; fileRef = 841181B62908E17B009FD4CF /* Beneficiary.swift */; };
		841181BA2908E21C009FD4CF /* BeneficiariesViewModel.swift in Sources */ = {isa = PBXBuildFile; fileRef = 841181B92908E21C009FD4CF /* BeneficiariesViewModel.swift */; };
		841181BE29092E96009FD4CF /* BeneficiaryService.swift in Sources */ = {isa = PBXBuildFile; fileRef = 841181BD29092E96009FD4CF /* BeneficiaryService.swift */; };
		841181C029092EA7009FD4CF /* AppFileManager.swift in Sources */ = {isa = PBXBuildFile; fileRef = 841181BF29092EA7009FD4CF /* AppFileManager.swift */; };
		84A4E26629093EAE00F6438B /* BeneficiaryCell.xib in Resources */ = {isa = PBXBuildFile; fileRef = 84A4E26429093EAE00F6438B /* BeneficiaryCell.xib */; };
		84A4E26729093EAE00F6438B /* BeneficiaryCell.swift in Sources */ = {isa = PBXBuildFile; fileRef = 84A4E26529093EAE00F6438B /* BeneficiaryCell.swift */; };
		84A4E26A290945B800F6438B /* BeneficiaryDetailViewController.swift in Sources */ = {isa = PBXBuildFile; fileRef = 84A4E269290945B800F6438B /* BeneficiaryDetailViewController.swift */; };
		84A4E26C290945CA00F6438B /* BeneficiaryDetailView.swift in Sources */ = {isa = PBXBuildFile; fileRef = 84A4E26B290945CA00F6438B /* BeneficiaryDetailView.swift */; };
		84A4E26E2909502000F6438B /* BeneficiaryDetailViewModel.swift in Sources */ = {isa = PBXBuildFile; fileRef = 84A4E26D2909502000F6438B /* BeneficiaryDetailViewModel.swift */; };
/* End PBXBuildFile section */

/* Begin PBXContainerItemProxy section */
		841181962908E006009FD4CF /* PBXContainerItemProxy */ = {
			isa = PBXContainerItemProxy;
			containerPortal = 841181772908E005009FD4CF /* Project object */;
			proxyType = 1;
			remoteGlobalIDString = 8411817E2908E005009FD4CF;
			remoteInfo = Beneficiaries;
		};
		841181A02908E006009FD4CF /* PBXContainerItemProxy */ = {
			isa = PBXContainerItemProxy;
			containerPortal = 841181772908E005009FD4CF /* Project object */;
			proxyType = 1;
			remoteGlobalIDString = 8411817E2908E005009FD4CF;
			remoteInfo = Beneficiaries;
		};
/* End PBXContainerItemProxy section */

/* Begin PBXFileReference section */
		8411817F2908E005009FD4CF /* Beneficiaries.app */ = {isa = PBXFileReference; explicitFileType = wrapper.application; includeInIndex = 0; path = Beneficiaries.app; sourceTree = BUILT_PRODUCTS_DIR; };
		841181822908E005009FD4CF /* AppDelegate.swift */ = {isa = PBXFileReference; lastKnownFileType = sourcecode.swift; path = AppDelegate.swift; sourceTree = "<group>"; };
		841181842908E005009FD4CF /* SceneDelegate.swift */ = {isa = PBXFileReference; lastKnownFileType = sourcecode.swift; path = SceneDelegate.swift; sourceTree = "<group>"; };
		841181862908E005009FD4CF /* BeneficiariesViewController.swift */ = {isa = PBXFileReference; lastKnownFileType = sourcecode.swift; path = BeneficiariesViewController.swift; sourceTree = "<group>"; };
		841181892908E005009FD4CF /* Base */ = {isa = PBXFileReference; lastKnownFileType = file.storyboard; name = Base; path = Base.lproj/Main.storyboard; sourceTree = "<group>"; };
		8411818B2908E006009FD4CF /* Assets.xcassets */ = {isa = PBXFileReference; lastKnownFileType = folder.assetcatalog; path = Assets.xcassets; sourceTree = "<group>"; };
		8411818E2908E006009FD4CF /* Base */ = {isa = PBXFileReference; lastKnownFileType = file.storyboard; name = Base; path = Base.lproj/LaunchScreen.storyboard; sourceTree = "<group>"; };
		841181902908E006009FD4CF /* Info.plist */ = {isa = PBXFileReference; lastKnownFileType = text.plist.xml; path = Info.plist; sourceTree = "<group>"; };
		841181952908E006009FD4CF /* BeneficiariesTests.xctest */ = {isa = PBXFileReference; explicitFileType = wrapper.cfbundle; includeInIndex = 0; path = BeneficiariesTests.xctest; sourceTree = BUILT_PRODUCTS_DIR; };
		841181992908E006009FD4CF /* BeneficiariesTests.swift */ = {isa = PBXFileReference; lastKnownFileType = sourcecode.swift; path = BeneficiariesTests.swift; sourceTree = "<group>"; };
		8411819F2908E006009FD4CF /* BeneficiariesUITests.xctest */ = {isa = PBXFileReference; explicitFileType = wrapper.cfbundle; includeInIndex = 0; path = BeneficiariesUITests.xctest; sourceTree = BUILT_PRODUCTS_DIR; };
		841181A32908E006009FD4CF /* BeneficiariesUITests.swift */ = {isa = PBXFileReference; lastKnownFileType = sourcecode.swift; path = BeneficiariesUITests.swift; sourceTree = "<group>"; };
		841181A52908E006009FD4CF /* BeneficiariesUITestsLaunchTests.swift */ = {isa = PBXFileReference; lastKnownFileType = sourcecode.swift; path = BeneficiariesUITestsLaunchTests.swift; sourceTree = "<group>"; };
		841181B32908E08D009FD4CF /* Beneficiaries.json */ = {isa = PBXFileReference; fileEncoding = 4; lastKnownFileType = text.json; name = Beneficiaries.json; path = ../../../../../../../Downloads/Beneficiaries.json; sourceTree = "<group>"; };
		841181B62908E17B009FD4CF /* Beneficiary.swift */ = {isa = PBXFileReference; lastKnownFileType = sourcecode.swift; path = Beneficiary.swift; sourceTree = "<group>"; };
		841181B92908E21C009FD4CF /* BeneficiariesViewModel.swift */ = {isa = PBXFileReference; lastKnownFileType = sourcecode.swift; path = BeneficiariesViewModel.swift; sourceTree = "<group>"; };
		841181BD29092E96009FD4CF /* BeneficiaryService.swift */ = {isa = PBXFileReference; lastKnownFileType = sourcecode.swift; path = BeneficiaryService.swift; sourceTree = "<group>"; };
		841181BF29092EA7009FD4CF /* AppFileManager.swift */ = {isa = PBXFileReference; lastKnownFileType = sourcecode.swift; path = AppFileManager.swift; sourceTree = "<group>"; };
		84A4E26429093EAE00F6438B /* BeneficiaryCell.xib */ = {isa = PBXFileReference; fileEncoding = 4; lastKnownFileType = file.xib; path = BeneficiaryCell.xib; sourceTree = "<group>"; };
		84A4E26529093EAE00F6438B /* BeneficiaryCell.swift */ = {isa = PBXFileReference; fileEncoding = 4; lastKnownFileType = sourcecode.swift; path = BeneficiaryCell.swift; sourceTree = "<group>"; };
		84A4E269290945B800F6438B /* BeneficiaryDetailViewController.swift */ = {isa = PBXFileReference; lastKnownFileType = sourcecode.swift; path = BeneficiaryDetailViewController.swift; sourceTree = "<group>"; };
		84A4E26B290945CA00F6438B /* BeneficiaryDetailView.swift */ = {isa = PBXFileReference; lastKnownFileType = sourcecode.swift; path = BeneficiaryDetailView.swift; sourceTree = "<group>"; };
		84A4E26D2909502000F6438B /* BeneficiaryDetailViewModel.swift */ = {isa = PBXFileReference; lastKnownFileType = sourcecode.swift; path = BeneficiaryDetailViewModel.swift; sourceTree = "<group>"; };
/* End PBXFileReference section */

/* Begin PBXFrameworksBuildPhase section */
		8411817C2908E005009FD4CF /* Frameworks */ = {
			isa = PBXFrameworksBuildPhase;
			buildActionMask = 2147483647;
			files = (
			);
			runOnlyForDeploymentPostprocessing = 0;
		};
		841181922908E006009FD4CF /* Frameworks */ = {
			isa = PBXFrameworksBuildPhase;
			buildActionMask = 2147483647;
			files = (
			);
			runOnlyForDeploymentPostprocessing = 0;
		};
		8411819C2908E006009FD4CF /* Frameworks */ = {
			isa = PBXFrameworksBuildPhase;
			buildActionMask = 2147483647;
			files = (
			);
			runOnlyForDeploymentPostprocessing = 0;
		};
/* End PBXFrameworksBuildPhase section */

/* Begin PBXGroup section */
		841181762908E005009FD4CF = {
			isa = PBXGroup;
			children = (
				841181812908E005009FD4CF /* Beneficiaries */,
				841181982908E006009FD4CF /* BeneficiariesTests */,
				841181A22908E006009FD4CF /* BeneficiariesUITests */,
				841181802908E005009FD4CF /* Products */,
			);
			sourceTree = "<group>";
		};
		841181802908E005009FD4CF /* Products */ = {
			isa = PBXGroup;
			children = (
				8411817F2908E005009FD4CF /* Beneficiaries.app */,
				841181952908E006009FD4CF /* BeneficiariesTests.xctest */,
				8411819F2908E006009FD4CF /* BeneficiariesUITests.xctest */,
			);
			name = Products;
			sourceTree = "<group>";
		};
		841181812908E005009FD4CF /* Beneficiaries */ = {
			isa = PBXGroup;
			children = (
				841181BB2908EA34009FD4CF /* Shared */,
				841181B52908E0A1009FD4CF /* Model */,
				841181BC29092E73009FD4CF /* Service */,
				841181822908E005009FD4CF /* AppDelegate.swift */,
				841181842908E005009FD4CF /* SceneDelegate.swift */,
				841181B82908E1F3009FD4CF /* View */,
				841181882908E005009FD4CF /* Main.storyboard */,
				841181B22908E015009FD4CF /* Resource */,
				8411818B2908E006009FD4CF /* Assets.xcassets */,
				8411818D2908E006009FD4CF /* LaunchScreen.storyboard */,
				841181902908E006009FD4CF /* Info.plist */,
			);
			path = Beneficiaries;
			sourceTree = "<group>";
		};
		841181982908E006009FD4CF /* BeneficiariesTests */ = {
			isa = PBXGroup;
			children = (
				841181992908E006009FD4CF /* BeneficiariesTests.swift */,
			);
			path = BeneficiariesTests;
			sourceTree = "<group>";
		};
		841181A22908E006009FD4CF /* BeneficiariesUITests */ = {
			isa = PBXGroup;
			children = (
				841181A32908E006009FD4CF /* BeneficiariesUITests.swift */,
				841181A52908E006009FD4CF /* BeneficiariesUITestsLaunchTests.swift */,
			);
			path = BeneficiariesUITests;
			sourceTree = "<group>";
		};
		841181B22908E015009FD4CF /* Resource */ = {
			isa = PBXGroup;
			children = (
				841181B32908E08D009FD4CF /* Beneficiaries.json */,
			);
			path = Resource;
			sourceTree = "<group>";
		};
		841181B52908E0A1009FD4CF /* Model */ = {
			isa = PBXGroup;
			children = (
				841181B62908E17B009FD4CF /* Beneficiary.swift */,
			);
			path = Model;
			sourceTree = "<group>";
		};
		841181B82908E1F3009FD4CF /* View */ = {
			isa = PBXGroup;
			children = (
				841181C1290934B4009FD4CF /* Beneficiaries */,
				84A4E2682909459E00F6438B /* BeneficiaryDetail */,
			);
			path = View;
			sourceTree = "<group>";
		};
		841181BB2908EA34009FD4CF /* Shared */ = {
			isa = PBXGroup;
			children = (
				841181BF29092EA7009FD4CF /* AppFileManager.swift */,
			);
			path = Shared;
			sourceTree = "<group>";
		};
		841181BC29092E73009FD4CF /* Service */ = {
			isa = PBXGroup;
			children = (
				841181BD29092E96009FD4CF /* BeneficiaryService.swift */,
			);
			path = Service;
			sourceTree = "<group>";
		};
		841181C1290934B4009FD4CF /* Beneficiaries */ = {
			isa = PBXGroup;
			children = (
				841181C6290935B5009FD4CF /* BeneficiaryCell */,
				841181862908E005009FD4CF /* BeneficiariesViewController.swift */,
				841181B92908E21C009FD4CF /* BeneficiariesViewModel.swift */,
			);
			path = Beneficiaries;
			sourceTree = "<group>";
		};
		841181C6290935B5009FD4CF /* BeneficiaryCell */ = {
			isa = PBXGroup;
			children = (
				84A4E26529093EAE00F6438B /* BeneficiaryCell.swift */,
				84A4E26429093EAE00F6438B /* BeneficiaryCell.xib */,
			);
			path = BeneficiaryCell;
			sourceTree = "<group>";
		};
		84A4E2682909459E00F6438B /* BeneficiaryDetail */ = {
			isa = PBXGroup;
			children = (
				84A4E26B290945CA00F6438B /* BeneficiaryDetailView.swift */,
				84A4E26D2909502000F6438B /* BeneficiaryDetailViewModel.swift */,
				84A4E269290945B800F6438B /* BeneficiaryDetailViewController.swift */,
			);
			path = BeneficiaryDetail;
			sourceTree = "<group>";
		};
/* End PBXGroup section */

/* Begin PBXNativeTarget section */
		8411817E2908E005009FD4CF /* Beneficiaries */ = {
			isa = PBXNativeTarget;
			buildConfigurationList = 841181A92908E006009FD4CF /* Build configuration list for PBXNativeTarget "Beneficiaries" */;
			buildPhases = (
				8411817B2908E005009FD4CF /* Sources */,
				8411817C2908E005009FD4CF /* Frameworks */,
				8411817D2908E005009FD4CF /* Resources */,
			);
			buildRules = (
			);
			dependencies = (
			);
			name = Beneficiaries;
			productName = Beneficiaries;
			productReference = 8411817F2908E005009FD4CF /* Beneficiaries.app */;
			productType = "com.apple.product-type.application";
		};
		841181942908E006009FD4CF /* BeneficiariesTests */ = {
			isa = PBXNativeTarget;
			buildConfigurationList = 841181AC2908E006009FD4CF /* Build configuration list for PBXNativeTarget "BeneficiariesTests" */;
			buildPhases = (
				841181912908E006009FD4CF /* Sources */,
				841181922908E006009FD4CF /* Frameworks */,
				841181932908E006009FD4CF /* Resources */,
			);
			buildRules = (
			);
			dependencies = (
				841181972908E006009FD4CF /* PBXTargetDependency */,
			);
			name = BeneficiariesTests;
			productName = BeneficiariesTests;
			productReference = 841181952908E006009FD4CF /* BeneficiariesTests.xctest */;
			productType = "com.apple.product-type.bundle.unit-test";
		};
		8411819E2908E006009FD4CF /* BeneficiariesUITests */ = {
			isa = PBXNativeTarget;
			buildConfigurationList = 841181AF2908E006009FD4CF /* Build configuration list for PBXNativeTarget "BeneficiariesUITests" */;
			buildPhases = (
				8411819B2908E006009FD4CF /* Sources */,
				8411819C2908E006009FD4CF /* Frameworks */,
				8411819D2908E006009FD4CF /* Resources */,
			);
			buildRules = (
			);
			dependencies = (
				841181A12908E006009FD4CF /* PBXTargetDependency */,
			);
			name = BeneficiariesUITests;
			productName = BeneficiariesUITests;
			productReference = 8411819F2908E006009FD4CF /* BeneficiariesUITests.xctest */;
			productType = "com.apple.product-type.bundle.ui-testing";
		};
/* End PBXNativeTarget section */

/* Begin PBXProject section */
		841181772908E005009FD4CF /* Project object */ = {
			isa = PBXProject;
			attributes = {
				BuildIndependentTargetsInParallel = 1;
				LastSwiftUpdateCheck = 1340;
				LastUpgradeCheck = 1340;
				TargetAttributes = {
					8411817E2908E005009FD4CF = {
						CreatedOnToolsVersion = 13.4.1;
					};
					841181942908E006009FD4CF = {
						CreatedOnToolsVersion = 13.4.1;
						TestTargetID = 8411817E2908E005009FD4CF;
					};
					8411819E2908E006009FD4CF = {
						CreatedOnToolsVersion = 13.4.1;
						TestTargetID = 8411817E2908E005009FD4CF;
					};
				};
			};
			buildConfigurationList = 8411817A2908E005009FD4CF /* Build configuration list for PBXProject "Beneficiaries" */;
			compatibilityVersion = "Xcode 13.0";
			developmentRegion = en;
			hasScannedForEncodings = 0;
			knownRegions = (
				en,
				Base,
			);
			mainGroup = 841181762908E005009FD4CF;
			productRefGroup = 841181802908E005009FD4CF /* Products */;
			projectDirPath = "";
			projectRoot = "";
			targets = (
				8411817E2908E005009FD4CF /* Beneficiaries */,
				841181942908E006009FD4CF /* BeneficiariesTests */,
				8411819E2908E006009FD4CF /* BeneficiariesUITests */,
			);
		};
/* End PBXProject section */

/* Begin PBXResourcesBuildPhase section */
		8411817D2908E005009FD4CF /* Resources */ = {
			isa = PBXResourcesBuildPhase;
			buildActionMask = 2147483647;
			files = (
				84A4E26629093EAE00F6438B /* BeneficiaryCell.xib in Resources */,
				8411818F2908E006009FD4CF /* LaunchScreen.storyboard in Resources */,
				8411818C2908E006009FD4CF /* Assets.xcassets in Resources */,
				8411818A2908E005009FD4CF /* Main.storyboard in Resources */,
				841181B42908E08D009FD4CF /* Beneficiaries.json in Resources */,
			);
			runOnlyForDeploymentPostprocessing = 0;
		};
		841181932908E006009FD4CF /* Resources */ = {
			isa = PBXResourcesBuildPhase;
			buildActionMask = 2147483647;
			files = (
			);
			runOnlyForDeploymentPostprocessing = 0;
		};
		8411819D2908E006009FD4CF /* Resources */ = {
			isa = PBXResourcesBuildPhase;
			buildActionMask = 2147483647;
			files = (
			);
			runOnlyForDeploymentPostprocessing = 0;
		};
/* End PBXResourcesBuildPhase section */

/* Begin PBXSourcesBuildPhase section */
		8411817B2908E005009FD4CF /* Sources */ = {
			isa = PBXSourcesBuildPhase;
			buildActionMask = 2147483647;
			files = (
				841181872908E005009FD4CF /* BeneficiariesViewController.swift in Sources */,
				84A4E26C290945CA00F6438B /* BeneficiaryDetailView.swift in Sources */,
				84A4E26729093EAE00F6438B /* BeneficiaryCell.swift in Sources */,
				841181BA2908E21C009FD4CF /* BeneficiariesViewModel.swift in Sources */,
				841181B72908E17B009FD4CF /* Beneficiary.swift in Sources */,
				841181C029092EA7009FD4CF /* AppFileManager.swift in Sources */,
				84A4E26A290945B800F6438B /* BeneficiaryDetailViewController.swift in Sources */,
				841181832908E005009FD4CF /* AppDelegate.swift in Sources */,
				84A4E26E2909502000F6438B /* BeneficiaryDetailViewModel.swift in Sources */,
				841181852908E005009FD4CF /* SceneDelegate.swift in Sources */,
				841181BE29092E96009FD4CF /* BeneficiaryService.swift in Sources */,
			);
			runOnlyForDeploymentPostprocessing = 0;
		};
		841181912908E006009FD4CF /* Sources */ = {
			isa = PBXSourcesBuildPhase;
			buildActionMask = 2147483647;
			files = (
				8411819A2908E006009FD4CF /* BeneficiariesTests.swift in Sources */,
			);
			runOnlyForDeploymentPostprocessing = 0;
		};
		8411819B2908E006009FD4CF /* Sources */ = {
			isa = PBXSourcesBuildPhase;
			buildActionMask = 2147483647;
			files = (
				841181A62908E006009FD4CF /* BeneficiariesUITestsLaunchTests.swift in Sources */,
				841181A42908E006009FD4CF /* BeneficiariesUITests.swift in Sources */,
			);
			runOnlyForDeploymentPostprocessing = 0;
		};
/* End PBXSourcesBuildPhase section */

/* Begin PBXTargetDependency section */
		841181972908E006009FD4CF /* PBXTargetDependency */ = {
			isa = PBXTargetDependency;
			target = 8411817E2908E005009FD4CF /* Beneficiaries */;
			targetProxy = 841181962908E006009FD4CF /* PBXContainerItemProxy */;
		};
		841181A12908E006009FD4CF /* PBXTargetDependency */ = {
			isa = PBXTargetDependency;
			target = 8411817E2908E005009FD4CF /* Beneficiaries */;
			targetProxy = 841181A02908E006009FD4CF /* PBXContainerItemProxy */;
		};
/* End PBXTargetDependency section */

/* Begin PBXVariantGroup section */
		841181882908E005009FD4CF /* Main.storyboard */ = {
			isa = PBXVariantGroup;
			children = (
				841181892908E005009FD4CF /* Base */,
			);
			name = Main.storyboard;
			sourceTree = "<group>";
		};
		8411818D2908E006009FD4CF /* LaunchScreen.storyboard */ = {
			isa = PBXVariantGroup;
			children = (
				8411818E2908E006009FD4CF /* Base */,
			);
			name = LaunchScreen.storyboard;
			sourceTree = "<group>";
		};
/* End PBXVariantGroup section */

/* Begin XCBuildConfiguration section */
		841181A72908E006009FD4CF /* Debug */ = {
			isa = XCBuildConfiguration;
			buildSettings = {
				ALWAYS_SEARCH_USER_PATHS = NO;
				CLANG_ANALYZER_NONNULL = YES;
				CLANG_ANALYZER_NUMBER_OBJECT_CONVERSION = YES_AGGRESSIVE;
				CLANG_CXX_LANGUAGE_STANDARD = "gnu++17";
				CLANG_ENABLE_MODULES = YES;
				CLANG_ENABLE_OBJC_ARC = YES;
				CLANG_ENABLE_OBJC_WEAK = YES;
				CLANG_WARN_BLOCK_CAPTURE_AUTORELEASING = YES;
				CLANG_WARN_BOOL_CONVERSION = YES;
				CLANG_WARN_COMMA = YES;
				CLANG_WARN_CONSTANT_CONVERSION = YES;
				CLANG_WARN_DEPRECATED_OBJC_IMPLEMENTATIONS = YES;
				CLANG_WARN_DIRECT_OBJC_ISA_USAGE = YES_ERROR;
				CLANG_WARN_DOCUMENTATION_COMMENTS = YES;
				CLANG_WARN_EMPTY_BODY = YES;
				CLANG_WARN_ENUM_CONVERSION = YES;
				CLANG_WARN_INFINITE_RECURSION = YES;
				CLANG_WARN_INT_CONVERSION = YES;
				CLANG_WARN_NON_LITERAL_NULL_CONVERSION = YES;
				CLANG_WARN_OBJC_IMPLICIT_RETAIN_SELF = YES;
				CLANG_WARN_OBJC_LITERAL_CONVERSION = YES;
				CLANG_WARN_OBJC_ROOT_CLASS = YES_ERROR;
				CLANG_WARN_QUOTED_INCLUDE_IN_FRAMEWORK_HEADER = YES;
				CLANG_WARN_RANGE_LOOP_ANALYSIS = YES;
				CLANG_WARN_STRICT_PROTOTYPES = YES;
				CLANG_WARN_SUSPICIOUS_MOVE = YES;
				CLANG_WARN_UNGUARDED_AVAILABILITY = YES_AGGRESSIVE;
				CLANG_WARN_UNREACHABLE_CODE = YES;
				CLANG_WARN__DUPLICATE_METHOD_MATCH = YES;
				COPY_PHASE_STRIP = NO;
				DEBUG_INFORMATION_FORMAT = dwarf;
				ENABLE_STRICT_OBJC_MSGSEND = YES;
				ENABLE_TESTABILITY = YES;
				GCC_C_LANGUAGE_STANDARD = gnu11;
				GCC_DYNAMIC_NO_PIC = NO;
				GCC_NO_COMMON_BLOCKS = YES;
				GCC_OPTIMIZATION_LEVEL = 0;
				GCC_PREPROCESSOR_DEFINITIONS = (
					"DEBUG=1",
					"$(inherited)",
				);
				GCC_WARN_64_TO_32_BIT_CONVERSION = YES;
				GCC_WARN_ABOUT_RETURN_TYPE = YES_ERROR;
				GCC_WARN_UNDECLARED_SELECTOR = YES;
				GCC_WARN_UNINITIALIZED_AUTOS = YES_AGGRESSIVE;
				GCC_WARN_UNUSED_FUNCTION = YES;
				GCC_WARN_UNUSED_VARIABLE = YES;
				IPHONEOS_DEPLOYMENT_TARGET = 15.5;
				MTL_ENABLE_DEBUG_INFO = INCLUDE_SOURCE;
				MTL_FAST_MATH = YES;
				ONLY_ACTIVE_ARCH = YES;
				SDKROOT = iphoneos;
				SWIFT_ACTIVE_COMPILATION_CONDITIONS = DEBUG;
				SWIFT_OPTIMIZATION_LEVEL = "-Onone";
			};
			name = Debug;
		};
		841181A82908E006009FD4CF /* Release */ = {
			isa = XCBuildConfiguration;
			buildSettings = {
				ALWAYS_SEARCH_USER_PATHS = NO;
				CLANG_ANALYZER_NONNULL = YES;
				CLANG_ANALYZER_NUMBER_OBJECT_CONVERSION = YES_AGGRESSIVE;
				CLANG_CXX_LANGUAGE_STANDARD = "gnu++17";
				CLANG_ENABLE_MODULES = YES;
				CLANG_ENABLE_OBJC_ARC = YES;
				CLANG_ENABLE_OBJC_WEAK = YES;
				CLANG_WARN_BLOCK_CAPTURE_AUTORELEASING = YES;
				CLANG_WARN_BOOL_CONVERSION = YES;
				CLANG_WARN_COMMA = YES;
				CLANG_WARN_CONSTANT_CONVERSION = YES;
				CLANG_WARN_DEPRECATED_OBJC_IMPLEMENTATIONS = YES;
				CLANG_WARN_DIRECT_OBJC_ISA_USAGE = YES_ERROR;
				CLANG_WARN_DOCUMENTATION_COMMENTS = YES;
				CLANG_WARN_EMPTY_BODY = YES;
				CLANG_WARN_ENUM_CONVERSION = YES;
				CLANG_WARN_INFINITE_RECURSION = YES;
				CLANG_WARN_INT_CONVERSION = YES;
				CLANG_WARN_NON_LITERAL_NULL_CONVERSION = YES;
				CLANG_WARN_OBJC_IMPLICIT_RETAIN_SELF = YES;
				CLANG_WARN_OBJC_LITERAL_CONVERSION = YES;
				CLANG_WARN_OBJC_ROOT_CLASS = YES_ERROR;
				CLANG_WARN_QUOTED_INCLUDE_IN_FRAMEWORK_HEADER = YES;
				CLANG_WARN_RANGE_LOOP_ANALYSIS = YES;
				CLANG_WARN_STRICT_PROTOTYPES = YES;
				CLANG_WARN_SUSPICIOUS_MOVE = YES;
				CLANG_WARN_UNGUARDED_AVAILABILITY = YES_AGGRESSIVE;
				CLANG_WARN_UNREACHABLE_CODE = YES;
				CLANG_WARN__DUPLICATE_METHOD_MATCH = YES;
				COPY_PHASE_STRIP = NO;
				DEBUG_INFORMATION_FORMAT = "dwarf-with-dsym";
				ENABLE_NS_ASSERTIONS = NO;
				ENABLE_STRICT_OBJC_MSGSEND = YES;
				GCC_C_LANGUAGE_STANDARD = gnu11;
				GCC_NO_COMMON_BLOCKS = YES;
				GCC_WARN_64_TO_32_BIT_CONVERSION = YES;
				GCC_WARN_ABOUT_RETURN_TYPE = YES_ERROR;
				GCC_WARN_UNDECLARED_SELECTOR = YES;
				GCC_WARN_UNINITIALIZED_AUTOS = YES_AGGRESSIVE;
				GCC_WARN_UNUSED_FUNCTION = YES;
				GCC_WARN_UNUSED_VARIABLE = YES;
				IPHONEOS_DEPLOYMENT_TARGET = 15.5;
				MTL_ENABLE_DEBUG_INFO = NO;
				MTL_FAST_MATH = YES;
				SDKROOT = iphoneos;
				SWIFT_COMPILATION_MODE = wholemodule;
				SWIFT_OPTIMIZATION_LEVEL = "-O";
				VALIDATE_PRODUCT = YES;
			};
			name = Release;
		};
		841181AA2908E006009FD4CF /* Debug */ = {
			isa = XCBuildConfiguration;
			buildSettings = {
				ASSETCATALOG_COMPILER_APPICON_NAME = AppIcon;
				ASSETCATALOG_COMPILER_GLOBAL_ACCENT_COLOR_NAME = AccentColor;
				CODE_SIGN_STYLE = Automatic;
				CURRENT_PROJECT_VERSION = 1;
				GENERATE_INFOPLIST_FILE = YES;
				INFOPLIST_FILE = Beneficiaries/Info.plist;
				INFOPLIST_KEY_UIApplicationSupportsIndirectInputEvents = YES;
				INFOPLIST_KEY_UILaunchStoryboardName = LaunchScreen;
				INFOPLIST_KEY_UIMainStoryboardFile = Main;
				INFOPLIST_KEY_UISupportedInterfaceOrientations_iPad = "UIInterfaceOrientationPortrait UIInterfaceOrientationPortraitUpsideDown UIInterfaceOrientationLandscapeLeft UIInterfaceOrientationLandscapeRight";
				INFOPLIST_KEY_UISupportedInterfaceOrientations_iPhone = "UIInterfaceOrientationPortrait UIInterfaceOrientationLandscapeLeft UIInterfaceOrientationLandscapeRight";
				LD_RUNPATH_SEARCH_PATHS = (
					"$(inherited)",
					"@executable_path/Frameworks",
				);
				MARKETING_VERSION = 1.0;
				PRODUCT_BUNDLE_IDENTIFIER = com.khussain.Beneficiaries;
				PRODUCT_NAME = "$(TARGET_NAME)";
				SWIFT_EMIT_LOC_STRINGS = YES;
				SWIFT_VERSION = 5.0;
				TARGETED_DEVICE_FAMILY = "1,2";
			};
			name = Debug;
		};
		841181AB2908E006009FD4CF /* Release */ = {
			isa = XCBuildConfiguration;
			buildSettings = {
				ASSETCATALOG_COMPILER_APPICON_NAME = AppIcon;
				ASSETCATALOG_COMPILER_GLOBAL_ACCENT_COLOR_NAME = AccentColor;
				CODE_SIGN_STYLE = Automatic;
				CURRENT_PROJECT_VERSION = 1;
				GENERATE_INFOPLIST_FILE = YES;
				INFOPLIST_FILE = Beneficiaries/Info.plist;
				INFOPLIST_KEY_UIApplicationSupportsIndirectInputEvents = YES;
				INFOPLIST_KEY_UILaunchStoryboardName = LaunchScreen;
				INFOPLIST_KEY_UIMainStoryboardFile = Main;
				INFOPLIST_KEY_UISupportedInterfaceOrientations_iPad = "UIInterfaceOrientationPortrait UIInterfaceOrientationPortraitUpsideDown UIInterfaceOrientationLandscapeLeft UIInterfaceOrientationLandscapeRight";
				INFOPLIST_KEY_UISupportedInterfaceOrientations_iPhone = "UIInterfaceOrientationPortrait UIInterfaceOrientationLandscapeLeft UIInterfaceOrientationLandscapeRight";
				LD_RUNPATH_SEARCH_PATHS = (
					"$(inherited)",
					"@executable_path/Frameworks",
				);
				MARKETING_VERSION = 1.0;
				PRODUCT_BUNDLE_IDENTIFIER = com.khussain.Beneficiaries;
				PRODUCT_NAME = "$(TARGET_NAME)";
				SWIFT_EMIT_LOC_STRINGS = YES;
				SWIFT_VERSION = 5.0;
				TARGETED_DEVICE_FAMILY = "1,2";
			};
			name = Release;
		};
		841181AD2908E006009FD4CF /* Debug */ = {
			isa = XCBuildConfiguration;
			buildSettings = {
				ALWAYS_EMBED_SWIFT_STANDARD_LIBRARIES = YES;
				BUNDLE_LOADER = "$(TEST_HOST)";
				CODE_SIGN_STYLE = Automatic;
				CURRENT_PROJECT_VERSION = 1;
				GENERATE_INFOPLIST_FILE = YES;
				IPHONEOS_DEPLOYMENT_TARGET = 15.5;
				MARKETING_VERSION = 1.0;
				PRODUCT_BUNDLE_IDENTIFIER = com.khussain.BeneficiariesTests;
				PRODUCT_NAME = "$(TARGET_NAME)";
				SWIFT_EMIT_LOC_STRINGS = NO;
				SWIFT_VERSION = 5.0;
				TARGETED_DEVICE_FAMILY = "1,2";
				TEST_HOST = "$(BUILT_PRODUCTS_DIR)/Beneficiaries.app/Beneficiaries";
			};
			name = Debug;
		};
		841181AE2908E006009FD4CF /* Release */ = {
			isa = XCBuildConfiguration;
			buildSettings = {
				ALWAYS_EMBED_SWIFT_STANDARD_LIBRARIES = YES;
				BUNDLE_LOADER = "$(TEST_HOST)";
				CODE_SIGN_STYLE = Automatic;
				CURRENT_PROJECT_VERSION = 1;
				GENERATE_INFOPLIST_FILE = YES;
				IPHONEOS_DEPLOYMENT_TARGET = 15.5;
				MARKETING_VERSION = 1.0;
				PRODUCT_BUNDLE_IDENTIFIER = com.khussain.BeneficiariesTests;
				PRODUCT_NAME = "$(TARGET_NAME)";
				SWIFT_EMIT_LOC_STRINGS = NO;
				SWIFT_VERSION = 5.0;
				TARGETED_DEVICE_FAMILY = "1,2";
				TEST_HOST = "$(BUILT_PRODUCTS_DIR)/Beneficiaries.app/Beneficiaries";
			};
			name = Release;
		};
		841181B02908E006009FD4CF /* Debug */ = {
			isa = XCBuildConfiguration;
			buildSettings = {
				ALWAYS_EMBED_SWIFT_STANDARD_LIBRARIES = YES;
				CODE_SIGN_STYLE = Automatic;
				CURRENT_PROJECT_VERSION = 1;
				GENERATE_INFOPLIST_FILE = YES;
				MARKETING_VERSION = 1.0;
				PRODUCT_BUNDLE_IDENTIFIER = com.khussain.BeneficiariesUITests;
				PRODUCT_NAME = "$(TARGET_NAME)";
				SWIFT_EMIT_LOC_STRINGS = NO;
				SWIFT_VERSION = 5.0;
				TARGETED_DEVICE_FAMILY = "1,2";
				TEST_TARGET_NAME = Beneficiaries;
			};
			name = Debug;
		};
		841181B12908E006009FD4CF /* Release */ = {
			isa = XCBuildConfiguration;
			buildSettings = {
				ALWAYS_EMBED_SWIFT_STANDARD_LIBRARIES = YES;
				CODE_SIGN_STYLE = Automatic;
				CURRENT_PROJECT_VERSION = 1;
				GENERATE_INFOPLIST_FILE = YES;
				MARKETING_VERSION = 1.0;
				PRODUCT_BUNDLE_IDENTIFIER = com.khussain.BeneficiariesUITests;
				PRODUCT_NAME = "$(TARGET_NAME)";
				SWIFT_EMIT_LOC_STRINGS = NO;
				SWIFT_VERSION = 5.0;
				TARGETED_DEVICE_FAMILY = "1,2";
				TEST_TARGET_NAME = Beneficiaries;
			};
			name = Release;
		};
/* End XCBuildConfiguration section */

/* Begin XCConfigurationList section */
		8411817A2908E005009FD4CF /* Build configuration list for PBXProject "Beneficiaries" */ = {
			isa = XCConfigurationList;
			buildConfigurations = (
				841181A72908E006009FD4CF /* Debug */,
				841181A82908E006009FD4CF /* Release */,
			);
			defaultConfigurationIsVisible = 0;
			defaultConfigurationName = Release;
		};
		841181A92908E006009FD4CF /* Build configuration list for PBXNativeTarget "Beneficiaries" */ = {
			isa = XCConfigurationList;
			buildConfigurations = (
				841181AA2908E006009FD4CF /* Debug */,
				841181AB2908E006009FD4CF /* Release */,
			);
			defaultConfigurationIsVisible = 0;
			defaultConfigurationName = Release;
		};
		841181AC2908E006009FD4CF /* Build configuration list for PBXNativeTarget "BeneficiariesTests" */ = {
			isa = XCConfigurationList;
			buildConfigurations = (
				841181AD2908E006009FD4CF /* Debug */,
				841181AE2908E006009FD4CF /* Release */,
			);
			defaultConfigurationIsVisible = 0;
			defaultConfigurationName = Release;
		};
		841181AF2908E006009FD4CF /* Build configuration list for PBXNativeTarget "BeneficiariesUITests" */ = {
			isa = XCConfigurationList;
			buildConfigurations = (
				841181B02908E006009FD4CF /* Debug */,
				841181B12908E006009FD4CF /* Release */,
			);
			defaultConfigurationIsVisible = 0;
			defaultConfigurationName = Release;
		};
/* End XCConfigurationList section */
	};
	rootObject = 841181772908E005009FD4CF /* Project object */;
}
